
Microsoft Visual Studio Solution File, Format Version 12.00
# Visual Studio Version 17
VisualStudioVersion = 17.9.34622.214
MinimumVisualStudioVersion = 10.0.40219.1
Project("{FAE04EC0-301F-11D3-BF4B-00C04F79EFBC}") = "C#-estudos-orientacao-objeto", "C#-estudos-orientacao-objeto.csproj", "{D5F04D8B-7E04-498E-9C87-D405D233A07D}"
EndProject
Global
	GlobalSection(SolutionConfigurationPlatforms) = preSolution
		Debug|Any CPU = Debug|Any CPU
		Release|Any CPU = Release|Any CPU
	EndGlobalSection
	GlobalSection(ProjectConfigurationPlatforms) = postSolution
		{D5F04D8B-7E04-498E-9C87-D405D233A07D}.Debug|Any CPU.ActiveCfg = Debug|Any CPU
		{D5F04D8B-7E04-498E-9C87-D405D233A07D}.Debug|Any CPU.Build.0 = Debug|Any CPU
		{D5F04D8B-7E04-498E-9C87-D405D233A07D}.Release|Any CPU.ActiveCfg = Release|Any CPU
		{D5F04D8B-7E04-498E-9C87-D405D233A07D}.Release|Any CPU.Build.0 = Release|Any CPU
	EndGlobalSection
	GlobalSection(SolutionProperties) = preSolution
		HideSolutionNode = FALSE
	EndGlobalSection
	GlobalSection(ExtensibilityGlobals) = postSolution
		SolutionGuid = {D0C1BD86-A6DB-4377-9BA7-680F2A18A1AA}
	EndGlobalSection
EndGlobal
